
Microsoft Visual Studio Solution File, Format Version 12.00
# Visual Studio 15
VisualStudioVersion = 15.0.28307.271
MinimumVisualStudioVersion = 10.0.40219.1
Project("{8BC9CEB8-8B4A-11D0-8D11-00A0C91BC942}") = "BTTHUCHANH", "BTTHUCHANH\BTTHUCHANH.vcxproj", "{4F43D72E-57AA-49F3-A751-8C60A1D35FFA}"
EndProject
Global
	GlobalSection(SolutionConfigurationPlatforms) = preSolution
		Debug|x64 = Debug|x64
		Debug|x86 = Debug|x86
		Release|x64 = Release|x64
		Release|x86 = Release|x86
	EndGlobalSection
	GlobalSection(ProjectConfigurationPlatforms) = postSolution
		{4F43D72E-57AA-49F3-A751-8C60A1D35FFA}.Debug|x64.ActiveCfg = Debug|x64
		{4F43D72E-57AA-49F3-A751-8C60A1D35FFA}.Debug|x64.Build.0 = Debug|x64
		{4F43D72E-57AA-49F3-A751-8C60A1D35FFA}.Debug|x86.ActiveCfg = Debug|Win32
		{4F43D72E-57AA-49F3-A751-8C60A1D35FFA}.Debug|x86.Build.0 = Debug|Win32
		{4F43D72E-57AA-49F3-A751-8C60A1D35FFA}.Release|x64.ActiveCfg = Release|x64
		{4F43D72E-57AA-49F3-A751-8C60A1D35FFA}.Release|x64.Build.0 = Release|x64
		{4F43D72E-57AA-49F3-A751-8C60A1D35FFA}.Release|x86.ActiveCfg = Release|Win32
		{4F43D72E-57AA-49F3-A751-8C60A1D35FFA}.Release|x86.Build.0 = Release|Win32
	EndGlobalSection
	GlobalSection(SolutionProperties) = preSolution
		HideSolutionNode = FALSE
	EndGlobalSection
	GlobalSection(ExtensibilityGlobals) = postSolution
		SolutionGuid = {59895A03-F3BD-4159-8855-F42EF3DFD2CA}
	EndGlobalSection
EndGlobal
